{
  "name": "@as3web/away3d",
  "version": "0.1.63",
  "lockfileVersion": 1,
  "requires": true,
  "dependencies": {
    "@as3web/flash": {
      "version": "0.1.119",
      "resolved": "https://registry.npmjs.org/@as3web/flash/-/flash-0.1.119.tgz",
      "integrity": "sha512-UmkDOB7NPloymjp1x53zM8jLifrbHtMrZaHTKLUZ8zv+1AFVdpxFmOc3qau2jTVOoIAXDFV26ZH6ZbdiG5y+bQ=="
    },
    "@awayjs/core": {
      "version": "0.6.99",
      "resolved": "https://registry.npmjs.org/@awayjs/core/-/core-0.6.99.tgz",
      "integrity": "sha1-QrkejlGAhYsebaF/2nhOU/ExXjo=",
      "requires": {
        "tslib": "github:microsoft/tslib#c1f87f79190d61e1e4ca24af03894771cdf1aef9"
      }
    },
    "@awayjs/graphics": {
      "version": "0.1.84",
      "resolved": "https://registry.npmjs.org/@awayjs/graphics/-/graphics-0.1.84.tgz",
      "integrity": "sha1-zO+vU/roEyBXUaMWgGW3tefQylo=",
      "requires": {
        "@awayjs/core": "0.6.99",
        "tess2": "1.0.0",
        "tslib": "github:microsoft/tslib#c1f87f79190d61e1e4ca24af03894771cdf1aef9"
      }
    },
    "@awayjs/materials": {
      "version": "0.3.42",
      "resolved": "https://registry.npmjs.org/@awayjs/materials/-/materials-0.3.42.tgz",
      "integrity": "sha1-Xfk1W0ALsQIUew/H/S4UG9v4ZzU=",
      "requires": {
        "@awayjs/core": "0.6.99",
        "@awayjs/graphics": "0.1.84",
        "@awayjs/renderer": "0.8.69",
        "@awayjs/scene": "0.8.173",
        "@awayjs/stage": "0.8.67",
        "tslib": "github:microsoft/tslib#c1f87f79190d61e1e4ca24af03894771cdf1aef9"
      }
    },
    "@awayjs/parsers": {
      "version": "0.5.81",
      "resolved": "https://registry.npmjs.org/@awayjs/parsers/-/parsers-0.5.81.tgz",
      "integrity": "sha1-t5pBcK37v8/EsPnh1uNaISP4eFc=",
      "requires": {
        "@awayjs/core": "0.6.99",
        "@awayjs/graphics": "0.1.84",
        "@awayjs/materials": "0.3.42",
        "@awayjs/renderer": "0.8.69",
        "@awayjs/scene": "0.8.173",
        "tslib": "github:microsoft/tslib#c1f87f79190d61e1e4ca24af03894771cdf1aef9"
      }
    },
    "@awayjs/player": {
      "version": "0.5.43",
      "resolved": "https://registry.npmjs.org/@awayjs/player/-/player-0.5.43.tgz",
      "integrity": "sha1-r7gs5fjpP7FnDuSocBjpXNZuoIM=",
      "requires": {
        "@awayjs/core": "0.6.99",
        "@awayjs/parsers": "0.5.81",
        "@awayjs/renderer": "0.8.69",
        "@awayjs/scene": "0.8.173",
        "@awayjs/stage": "0.8.67",
        "tslib": "github:microsoft/tslib#c1f87f79190d61e1e4ca24af03894771cdf1aef9"
      }
    },
    "@awayjs/renderer": {
      "version": "0.8.69",
      "resolved": "https://registry.npmjs.org/@awayjs/renderer/-/renderer-0.8.69.tgz",
      "integrity": "sha1-LZtlev8isV/oHDsUx4iijcnFevE=",
      "requires": {
        "@awayjs/core": "0.6.99",
        "@awayjs/graphics": "0.1.84",
        "@awayjs/scene": "0.8.173",
        "@awayjs/stage": "0.8.67",
        "tslib": "github:microsoft/tslib#c1f87f79190d61e1e4ca24af03894771cdf1aef9"
      }
    },
    "@awayjs/scene": {
      "version": "0.8.173",
      "resolved": "https://registry.npmjs.org/@awayjs/scene/-/scene-0.8.173.tgz",
      "integrity": "sha1-Aw+tYHLWv8ENEvcCGxxMorSvCrM=",
      "requires": {
        "@awayjs/core": "0.6.99",
        "@awayjs/graphics": "0.1.84",
        "tslib": "github:microsoft/tslib#c1f87f79190d61e1e4ca24af03894771cdf1aef9"
      }
    },
    "@awayjs/stage": {
      "version": "0.8.67",
      "resolved": "https://registry.npmjs.org/@awayjs/stage/-/stage-0.8.67.tgz",
      "integrity": "sha1-O5hH2JE81g5lroHlnLjE4CYQf3I=",
      "requires": {
        "@awayjs/core": "0.6.99",
        "@awayjs/graphics": "0.1.84",
        "tslib": "github:microsoft/tslib#c1f87f79190d61e1e4ca24af03894771cdf1aef9"
      }
    },
    "@awayjs/view": {
      "version": "0.2.37",
      "resolved": "https://registry.npmjs.org/@awayjs/view/-/view-0.2.37.tgz",
      "integrity": "sha1-9TTlhKl1n4GB5gA/Jd0giSkLWXQ=",
      "requires": {
        "@awayjs/core": "0.6.99",
        "@awayjs/graphics": "0.1.84",
        "@awayjs/renderer": "0.8.69",
        "@awayjs/scene": "0.8.173",
        "@awayjs/stage": "0.8.67",
        "tslib": "github:microsoft/tslib#c1f87f79190d61e1e4ca24af03894771cdf1aef9"
      }
    },
    "balanced-match": {
      "version": "1.0.0",
      "resolved": "https://registry.npmjs.org/balanced-match/-/balanced-match-1.0.0.tgz",
      "integrity": "sha1-ibTRmasr7kneFk6gK4nORi1xt2c=",
      "dev": true
    },
    "brace-expansion": {
      "version": "1.1.11",
      "resolved": "https://registry.npmjs.org/brace-expansion/-/brace-expansion-1.1.11.tgz",
      "integrity": "sha512-iCuPHDFgrHX7H2vEI/5xpz07zSHB00TpugqhmYtVmMO6518mCuRMoOYFldEBl0g187ufozdaHgWKcYFb61qGiA==",
      "dev": true,
      "requires": {
        "balanced-match": "1.0.0",
        "concat-map": "0.0.1"
      }
    },
    "commander": {
      "version": "2.20.3",
      "resolved": "https://registry.npmjs.org/commander/-/commander-2.20.3.tgz",
      "integrity": "sha512-GpVkmM8vF2vQUkj2LvZmD35JxeJOLCwJ9cUkugyk2nuhbv3+mJvpLYYt+0+USMxE+oj+ey/lJEnhZw75x/OMcQ==",
      "dev": true
    },
    "concat-map": {
      "version": "0.0.1",
      "resolved": "https://registry.npmjs.org/concat-map/-/concat-map-0.0.1.tgz",
      "integrity": "sha1-2Klr13/Wjfd5OnMDajug1UBdR3s=",
      "dev": true
    },
    "fs.realpath": {
      "version": "1.0.0",
      "resolved": "https://registry.npmjs.org/fs.realpath/-/fs.realpath-1.0.0.tgz",
      "integrity": "sha1-FQStJSMVjKpA20onh8sBQRmU6k8=",
      "dev": true
    },
    "glob": {
      "version": "7.1.6",
      "resolved": "https://registry.npmjs.org/glob/-/glob-7.1.6.tgz",
      "integrity": "sha512-LwaxwyZ72Lk7vZINtNNrywX0ZuLyStrdDtabefZKAY5ZGJhVtgdznluResxNmPitE0SAO+O26sWTHeKSI2wMBA==",
      "dev": true,
      "requires": {
        "fs.realpath": "1.0.0",
        "inflight": "1.0.6",
        "inherits": "2.0.4",
        "minimatch": "3.0.4",
        "once": "1.4.0",
        "path-is-absolute": "1.0.1"
      }
    },
    "inflight": {
      "version": "1.0.6",
      "resolved": "https://registry.npmjs.org/inflight/-/inflight-1.0.6.tgz",
      "integrity": "sha1-Sb1jMdfQLQwJvJEKEHW6gWW1bfk=",
      "dev": true,
      "requires": {
        "once": "1.4.0",
        "wrappy": "1.0.2"
      }
    },
    "inherits": {
      "version": "2.0.4",
      "resolved": "https://registry.npmjs.org/inherits/-/inherits-2.0.4.tgz",
      "integrity": "sha512-k/vGaX4/Yla3WzyMCvTQOXYeIHvqOKtnqBduzTHpzpQZzAskKMhZ2K+EnBiSM9zGSoIFeMpXKxa4dYeZIQqewQ==",
      "dev": true
    },
    "minimatch": {
      "version": "3.0.4",
      "resolved": "https://registry.npmjs.org/minimatch/-/minimatch-3.0.4.tgz",
      "integrity": "sha512-yJHVQEhyqPLUTgt9B83PXu6W3rx4MvvHvSUvToogpwoGDOUQ+yDrR0HRot+yOCdCO7u4hX3pWft6kWBBcqh0UA==",
      "dev": true,
      "requires": {
        "brace-expansion": "1.1.11"
      }
    },
    "once": {
      "version": "1.4.0",
      "resolved": "https://registry.npmjs.org/once/-/once-1.4.0.tgz",
      "integrity": "sha1-WDsap3WWHUsROsF9nFC6753Xa9E=",
      "dev": true,
      "requires": {
        "wrappy": "1.0.2"
      }
    },
    "path-is-absolute": {
      "version": "1.0.1",
      "resolved": "https://registry.npmjs.org/path-is-absolute/-/path-is-absolute-1.0.1.tgz",
      "integrity": "sha1-F0uSaHNVNP+8es5r9TpanhtcX18=",
      "dev": true
    },
    "rimraf": {
      "version": "2.7.1",
      "resolved": "https://registry.npmjs.org/rimraf/-/rimraf-2.7.1.tgz",
      "integrity": "sha512-uWjbaKIK3T1OSVptzX7Nl6PvQ3qAGtKEtVRjRuazjfL3Bx5eI409VZSqgND+4UNnmzLVdPj9FqFJNPqBZFve4w==",
      "dev": true,
      "requires": {
        "glob": "7.1.6"
      }
    },
    "rollup": {
      "version": "0.36.4",
      "resolved": "https://registry.npmjs.org/rollup/-/rollup-0.36.4.tgz",
      "integrity": "sha1-oiRJTFOGwdc9OPe7hvafXrARo9I=",
      "dev": true,
      "requires": {
        "source-map-support": "0.4.18"
      }
    },
    "rollup-plugin-includepaths": {
      "version": "0.2.3",
      "resolved": "https://registry.npmjs.org/rollup-plugin-includepaths/-/rollup-plugin-includepaths-0.2.3.tgz",
      "integrity": "sha512-4QbSIZPDT+FL4SViEVCRi4cGCA64zQJu7u5qmCkO3ecHy+l9EQBsue15KfCpddfb6Br0q47V/v2+E2YUiqts9g==",
      "dev": true
    },
    "source-map": {
      "version": "0.5.7",
      "resolved": "https://registry.npmjs.org/source-map/-/source-map-0.5.7.tgz",
      "integrity": "sha1-igOdLRAh0i0eoUyA2OpGi6LvP8w=",
      "dev": true
    },
    "source-map-support": {
      "version": "0.4.18",
      "resolved": "https://registry.npmjs.org/source-map-support/-/source-map-support-0.4.18.tgz",
      "integrity": "sha512-try0/JqxPLF9nOjvSta7tVondkP5dwgyLDjVoyMDlmjugT2lRZ1OfsrYTkCd2hkDnJTKRbO/Rl3orm8vlsUzbA==",
      "dev": true,
      "requires": {
        "source-map": "0.5.7"
      }
    },
    "tess2": {
      "version": "1.0.0",
      "resolved": "https://registry.npmjs.org/tess2/-/tess2-1.0.0.tgz",
      "integrity": "sha1-Li6yGCIpQGG4PUbLrv3QnYbd9ZM="
    },
    "tslib": {
      "version": "github:microsoft/tslib#c1f87f79190d61e1e4ca24af03894771cdf1aef9"
    },
    "typescript": {
      "version": "2.2.0-dev.20161123",
      "resolved": "https://registry.npmjs.org/typescript/-/typescript-2.2.0-dev.20161123.tgz",
      "integrity": "sha1-vdfZ6E2yR1gBoD63EwO5tind+PY=",
      "dev": true
    },
    "uglify-js": {
      "version": "3.8.0",
      "resolved": "https://registry.npmjs.org/uglify-js/-/uglify-js-3.8.0.tgz",
      "integrity": "sha512-ugNSTT8ierCsDHso2jkBHXYrU8Y5/fY2ZUprfrJUiD7YpuFvV4jODLFmb3h4btQjqr5Nh4TX4XtgDfCU1WdioQ==",
      "dev": true,
      "requires": {
        "commander": "2.20.3",
        "source-map": "0.6.1"
      },
      "dependencies": {
        "source-map": {
          "version": "0.6.1",
          "resolved": "https://registry.npmjs.org/source-map/-/source-map-0.6.1.tgz",
          "integrity": "sha512-UjgapumWlbMhkBgzT7Ykc5YXUT46F0iKu8SGXq0bcwP5dz/h0Plj6enJqjz1Zbq2l5WaqYnrVbwWOWMyF3F47g==",
          "dev": true
        }
      }
    },
    "wrappy": {
      "version": "1.0.2",
      "resolved": "https://registry.npmjs.org/wrappy/-/wrappy-1.0.2.tgz",
      "integrity": "sha1-tSQ9jz7BqjXxNkYFvA0QNuMKtp8=",
      "dev": true
    }
  }
}
